// !$*UTF8*$!
{
	archiveVersion = 1;
	classes = {
	};
	objectVersion = 50;
	objects = {

/* Begin PBXBuildFile section */
		23B1AADE260A396400D30246 /* Tests_iOS.swift in Sources */ = {isa = PBXBuildFile; fileRef = 23B1AADD260A396400D30246 /* Tests_iOS.swift */; };
		23B1AAE9260A396400D30246 /* Tests_macOS.swift in Sources */ = {isa = PBXBuildFile; fileRef = 23B1AAE8260A396400D30246 /* Tests_macOS.swift */; };
		23B1AAEB260A396400D30246 /* SoftwareEssentialsApp.swift in Sources */ = {isa = PBXBuildFile; fileRef = 23B1AAC2260A396100D30246 /* SoftwareEssentialsApp.swift */; };
		23B1AAEC260A396400D30246 /* SoftwareEssentialsApp.swift in Sources */ = {isa = PBXBuildFile; fileRef = 23B1AAC2260A396100D30246 /* SoftwareEssentialsApp.swift */; };
		23B1AAED260A396400D30246 /* ContentView.swift in Sources */ = {isa = PBXBuildFile; fileRef = 23B1AAC3260A396100D30246 /* ContentView.swift */; };
		23B1AAEE260A396400D30246 /* ContentView.swift in Sources */ = {isa = PBXBuildFile; fileRef = 23B1AAC3260A396100D30246 /* ContentView.swift */; };
		23B1AAEF260A396400D30246 /* Assets.xcassets in Resources */ = {isa = PBXBuildFile; fileRef = 23B1AAC4260A396400D30246 /* Assets.xcassets */; };
		23B1AAF0260A396400D30246 /* Assets.xcassets in Resources */ = {isa = PBXBuildFile; fileRef = 23B1AAC4260A396400D30246 /* Assets.xcassets */; };
/* End PBXBuildFile section */

/* Begin PBXContainerItemProxy section */
		23B1AADA260A396400D30246 /* PBXContainerItemProxy */ = {
			isa = PBXContainerItemProxy;
			containerPortal = 23B1AABD260A396100D30246 /* Project object */;
			proxyType = 1;
			remoteGlobalIDString = 23B1AAC8260A396400D30246;
			remoteInfo = "SoftwareEssentials (iOS)";
		};
		23B1AAE5260A396400D30246 /* PBXContainerItemProxy */ = {
			isa = PBXContainerItemProxy;
			containerPortal = 23B1AABD260A396100D30246 /* Project object */;
			proxyType = 1;
			remoteGlobalIDString = 23B1AAD0260A396400D30246;
			remoteInfo = "SoftwareEssentials (macOS)";
		};
/* End PBXContainerItemProxy section */

/* Begin PBXFileReference section */
		23B1AAC2260A396100D30246 /* SoftwareEssentialsApp.swift */ = {isa = PBXFileReference; lastKnownFileType = sourcecode.swift; path = SoftwareEssentialsApp.swift; sourceTree = "<group>"; };
		23B1AAC3260A396100D30246 /* ContentView.swift */ = {isa = PBXFileReference; lastKnownFileType = sourcecode.swift; path = ContentView.swift; sourceTree = "<group>"; };
		23B1AAC4260A396400D30246 /* Assets.xcassets */ = {isa = PBXFileReference; lastKnownFileType = folder.assetcatalog; path = Assets.xcassets; sourceTree = "<group>"; };
		23B1AAC9260A396400D30246 /* SoftwareEssentials.app */ = {isa = PBXFileReference; explicitFileType = wrapper.application; includeInIndex = 0; path = SoftwareEssentials.app; sourceTree = BUILT_PRODUCTS_DIR; };
		23B1AACC260A396400D30246 /* Info.plist */ = {isa = PBXFileReference; lastKnownFileType = text.plist.xml; path = Info.plist; sourceTree = "<group>"; };
		23B1AAD1260A396400D30246 /* SoftwareEssentials.app */ = {isa = PBXFileReference; explicitFileType = wrapper.application; includeInIndex = 0; path = SoftwareEssentials.app; sourceTree = BUILT_PRODUCTS_DIR; };
		23B1AAD3260A396400D30246 /* Info.plist */ = {isa = PBXFileReference; lastKnownFileType = text.plist.xml; path = Info.plist; sourceTree = "<group>"; };
		23B1AAD4260A396400D30246 /* macOS.entitlements */ = {isa = PBXFileReference; lastKnownFileType = text.plist.entitlements; path = macOS.entitlements; sourceTree = "<group>"; };
		23B1AAD9260A396400D30246 /* Tests iOS.xctest */ = {isa = PBXFileReference; explicitFileType = wrapper.cfbundle; includeInIndex = 0; path = "Tests iOS.xctest"; sourceTree = BUILT_PRODUCTS_DIR; };
		23B1AADD260A396400D30246 /* Tests_iOS.swift */ = {isa = PBXFileReference; lastKnownFileType = sourcecode.swift; path = Tests_iOS.swift; sourceTree = "<group>"; };
		23B1AADF260A396400D30246 /* Info.plist */ = {isa = PBXFileReference; lastKnownFileType = text.plist.xml; path = Info.plist; sourceTree = "<group>"; };
		23B1AAE4260A396400D30246 /* Tests macOS.xctest */ = {isa = PBXFileReference; explicitFileType = wrapper.cfbundle; includeInIndex = 0; path = "Tests macOS.xctest"; sourceTree = BUILT_PRODUCTS_DIR; };
		23B1AAE8260A396400D30246 /* Tests_macOS.swift */ = {isa = PBXFileReference; lastKnownFileType = sourcecode.swift; path = Tests_macOS.swift; sourceTree = "<group>"; };
		23B1AAEA260A396400D30246 /* Info.plist */ = {isa = PBXFileReference; lastKnownFileType = text.plist.xml; path = Info.plist; sourceTree = "<group>"; };
/* End PBXFileReference section */

/* Begin PBXFrameworksBuildPhase section */
		23B1AAC6260A396400D30246 /* Frameworks */ = {
			isa = PBXFrameworksBuildPhase;
			buildActionMask = 2147483647;
			files = (
			);
			runOnlyForDeploymentPostprocessing = 0;
		};
		23B1AACE260A396400D30246 /* Frameworks */ = {
			isa = PBXFrameworksBuildPhase;
			buildActionMask = 2147483647;
			files = (
			);
			runOnlyForDeploymentPostprocessing = 0;
		};
		23B1AAD6260A396400D30246 /* Frameworks */ = {
			isa = PBXFrameworksBuildPhase;
			buildActionMask = 2147483647;
			files = (
			);
			runOnlyForDeploymentPostprocessing = 0;
		};
		23B1AAE1260A396400D30246 /* Frameworks */ = {
			isa = PBXFrameworksBuildPhase;
			buildActionMask = 2147483647;
			files = (
			);
			runOnlyForDeploymentPostprocessing = 0;
		};
/* End PBXFrameworksBuildPhase section */

/* Begin PBXGroup section */
		23B1AABC260A396100D30246 = {
			isa = PBXGroup;
			children = (
				23B1AAC1260A396100D30246 /* Shared */,
				23B1AACB260A396400D30246 /* iOS */,
				23B1AAD2260A396400D30246 /* macOS */,
				23B1AADC260A396400D30246 /* Tests iOS */,
				23B1AAE7260A396400D30246 /* Tests macOS */,
				23B1AACA260A396400D30246 /* Products */,
			);
			sourceTree = "<group>";
		};
		23B1AAC1260A396100D30246 /* Shared */ = {
			isa = PBXGroup;
			children = (
				23B1AAC2260A396100D30246 /* SoftwareEssentialsApp.swift */,
				23B1AAC3260A396100D30246 /* ContentView.swift */,
				23B1AAC4260A396400D30246 /* Assets.xcassets */,
			);
			path = Shared;
			sourceTree = "<group>";
		};
		23B1AACA260A396400D30246 /* Products */ = {
			isa = PBXGroup;
			children = (
				23B1AAC9260A396400D30246 /* SoftwareEssentials.app */,
				23B1AAD1260A396400D30246 /* SoftwareEssentials.app */,
				23B1AAD9260A396400D30246 /* Tests iOS.xctest */,
				23B1AAE4260A396400D30246 /* Tests macOS.xctest */,
			);
			name = Products;
			sourceTree = "<group>";
		};
		23B1AACB260A396400D30246 /* iOS */ = {
			isa = PBXGroup;
			children = (
				23B1AACC260A396400D30246 /* Info.plist */,
			);
			path = iOS;
			sourceTree = "<group>";
		};
		23B1AAD2260A396400D30246 /* macOS */ = {
			isa = PBXGroup;
			children = (
				23B1AAD3260A396400D30246 /* Info.plist */,
				23B1AAD4260A396400D30246 /* macOS.entitlements */,
			);
			path = macOS;
			sourceTree = "<group>";
		};
		23B1AADC260A396400D30246 /* Tests iOS */ = {
			isa = PBXGroup;
			children = (
				23B1AADD260A396400D30246 /* Tests_iOS.swift */,
				23B1AADF260A396400D30246 /* Info.plist */,
			);
			path = "Tests iOS";
			sourceTree = "<group>";
		};
		23B1AAE7260A396400D30246 /* Tests macOS */ = {
			isa = PBXGroup;
			children = (
				23B1AAE8260A396400D30246 /* Tests_macOS.swift */,
				23B1AAEA260A396400D30246 /* Info.plist */,
			);
			path = "Tests macOS";
			sourceTree = "<group>";
		};
/* End PBXGroup section */

/* Begin PBXNativeTarget section */
		23B1AAC8260A396400D30246 /* SoftwareEssentials (iOS) */ = {
			isa = PBXNativeTarget;
			buildConfigurationList = 23B1AAF3260A396400D30246 /* Build configuration list for PBXNativeTarget "SoftwareEssentials (iOS)" */;
			buildPhases = (
				23B1AAC5260A396400D30246 /* Sources */,
				23B1AAC6260A396400D30246 /* Frameworks */,
				23B1AAC7260A396400D30246 /* Resources */,
			);
			buildRules = (
			);
			dependencies = (
			);
			name = "SoftwareEssentials (iOS)";
			productName = "SoftwareEssentials (iOS)";
			productReference = 23B1AAC9260A396400D30246 /* SoftwareEssentials.app */;
			productType = "com.apple.product-type.application";
		};
		23B1AAD0260A396400D30246 /* SoftwareEssentials (macOS) */ = {
			isa = PBXNativeTarget;
			buildConfigurationList = 23B1AAF6260A396400D30246 /* Build configuration list for PBXNativeTarget "SoftwareEssentials (macOS)" */;
			buildPhases = (
				23B1AACD260A396400D30246 /* Sources */,
				23B1AACE260A396400D30246 /* Frameworks */,
				23B1AACF260A396400D30246 /* Resources */,
			);
			buildRules = (
			);
			dependencies = (
			);
			name = "SoftwareEssentials (macOS)";
			productName = "SoftwareEssentials (macOS)";
			productReference = 23B1AAD1260A396400D30246 /* SoftwareEssentials.app */;
			productType = "com.apple.product-type.application";
		};
		23B1AAD8260A396400D30246 /* Tests iOS */ = {
			isa = PBXNativeTarget;
			buildConfigurationList = 23B1AAF9260A396400D30246 /* Build configuration list for PBXNativeTarget "Tests iOS" */;
			buildPhases = (
				23B1AAD5260A396400D30246 /* Sources */,
				23B1AAD6260A396400D30246 /* Frameworks */,
				23B1AAD7260A396400D30246 /* Resources */,
			);
			buildRules = (
			);
			dependencies = (
				23B1AADB260A396400D30246 /* PBXTargetDependency */,
			);
			name = "Tests iOS";
			productName = "Tests iOS";
			productReference = 23B1AAD9260A396400D30246 /* Tests iOS.xctest */;
			productType = "com.apple.product-type.bundle.ui-testing";
		};
		23B1AAE3260A396400D30246 /* Tests macOS */ = {
			isa = PBXNativeTarget;
			buildConfigurationList = 23B1AAFC260A396400D30246 /* Build configuration list for PBXNativeTarget "Tests macOS" */;
			buildPhases = (
				23B1AAE0260A396400D30246 /* Sources */,
				23B1AAE1260A396400D30246 /* Frameworks */,
				23B1AAE2260A396400D30246 /* Resources */,
			);
			buildRules = (
			);
			dependencies = (
				23B1AAE6260A396400D30246 /* PBXTargetDependency */,
			);
			name = "Tests macOS";
			productName = "Tests macOS";
			productReference = 23B1AAE4260A396400D30246 /* Tests macOS.xctest */;
			productType = "com.apple.product-type.bundle.ui-testing";
		};
/* End PBXNativeTarget section */

/* Begin PBXProject section */
		23B1AABD260A396100D30246 /* Project object */ = {
			isa = PBXProject;
			attributes = {
				LastSwiftUpdateCheck = 1240;
				LastUpgradeCheck = 1240;
				TargetAttributes = {
					23B1AAC8260A396400D30246 = {
						CreatedOnToolsVersion = 12.4;
					};
					23B1AAD0260A396400D30246 = {
						CreatedOnToolsVersion = 12.4;
					};
					23B1AAD8260A396400D30246 = {
						CreatedOnToolsVersion = 12.4;
						TestTargetID = 23B1AAC8260A396400D30246;
					};
					23B1AAE3260A396400D30246 = {
						CreatedOnToolsVersion = 12.4;
						TestTargetID = 23B1AAD0260A396400D30246;
					};
				};
			};
			buildConfigurationList = 23B1AAC0260A396100D30246 /* Build configuration list for PBXProject "SoftwareEssentials" */;
			compatibilityVersion = "Xcode 9.3";
			developmentRegion = en;
			hasScannedForEncodings = 0;
			knownRegions = (
				en,
				Base,
			);
			mainGroup = 23B1AABC260A396100D30246;
			productRefGroup = 23B1AACA260A396400D30246 /* Products */;
			projectDirPath = "";
			projectRoot = "";
			targets = (
				23B1AAC8260A396400D30246 /* SoftwareEssentials (iOS) */,
				23B1AAD0260A396400D30246 /* SoftwareEssentials (macOS) */,
				23B1AAD8260A396400D30246 /* Tests iOS */,
				23B1AAE3260A396400D30246 /* Tests macOS */,
			);
		};
/* End PBXProject section */

/* Begin PBXResourcesBuildPhase section */
		23B1AAC7260A396400D30246 /* Resources */ = {
			isa = PBXResourcesBuildPhase;
			buildActionMask = 2147483647;
			files = (
				23B1AAEF260A396400D30246 /* Assets.xcassets in Resources */,
			);
			runOnlyForDeploymentPostprocessing = 0;
		};
		23B1AACF260A396400D30246 /* Resources */ = {
			isa = PBXResourcesBuildPhase;
			buildActionMask = 2147483647;
			files = (
				23B1AAF0260A396400D30246 /* Assets.xcassets in Resources */,
			);
			runOnlyForDeploymentPostprocessing = 0;
		};
		23B1AAD7260A396400D30246 /* Resources */ = {
			isa = PBXResourcesBuildPhase;
			buildActionMask = 2147483647;
			files = (
			);
			runOnlyForDeploymentPostprocessing = 0;
		};
		23B1AAE2260A396400D30246 /* Resources */ = {
			isa = PBXResourcesBuildPhase;
			buildActionMask = 2147483647;
			files = (
			);
			runOnlyForDeploymentPostprocessing = 0;
		};
/* End PBXResourcesBuildPhase section */

/* Begin PBXSourcesBuildPhase section */
		23B1AAC5260A396400D30246 /* Sources */ = {
			isa = PBXSourcesBuildPhase;
			buildActionMask = 2147483647;
			files = (
				23B1AAED260A396400D30246 /* ContentView.swift in Sources */,
				23B1AAEB260A396400D30246 /* SoftwareEssentialsApp.swift in Sources */,
			);
			runOnlyForDeploymentPostprocessing = 0;
		};
		23B1AACD260A396400D30246 /* Sources */ = {
			isa = PBXSourcesBuildPhase;
			buildActionMask = 2147483647;
			files = (
				23B1AAEE260A396400D30246 /* ContentView.swift in Sources */,
				23B1AAEC260A396400D30246 /* SoftwareEssentialsApp.swift in Sources */,
			);
			runOnlyForDeploymentPostprocessing = 0;
		};
		23B1AAD5260A396400D30246 /* Sources */ = {
			isa = PBXSourcesBuildPhase;
			buildActionMask = 2147483647;
			files = (
				23B1AADE260A396400D30246 /* Tests_iOS.swift in Sources */,
			);
			runOnlyForDeploymentPostprocessing = 0;
		};
		23B1AAE0260A396400D30246 /* Sources */ = {
			isa = PBXSourcesBuildPhase;
			buildActionMask = 2147483647;
			files = (
				23B1AAE9260A396400D30246 /* Tests_macOS.swift in Sources */,
			);
			runOnlyForDeploymentPostprocessing = 0;
		};
/* End PBXSourcesBuildPhase section */

/* Begin PBXTargetDependency section */
		23B1AADB260A396400D30246 /* PBXTargetDependency */ = {
			isa = PBXTargetDependency;
			target = 23B1AAC8260A396400D30246 /* SoftwareEssentials (iOS) */;
			targetProxy = 23B1AADA260A396400D30246 /* PBXContainerItemProxy */;
		};
		23B1AAE6260A396400D30246 /* PBXTargetDependency */ = {
			isa = PBXTargetDependency;
			target = 23B1AAD0260A396400D30246 /* SoftwareEssentials (macOS) */;
			targetProxy = 23B1AAE5260A396400D30246 /* PBXContainerItemProxy */;
		};
/* End PBXTargetDependency section */

/* Begin XCBuildConfiguration section */
		23B1AAF1260A396400D30246 /* Debug */ = {
			isa = XCBuildConfiguration;
			buildSettings = {
				ALWAYS_SEARCH_USER_PATHS = NO;
				CLANG_ANALYZER_NONNULL = YES;
				CLANG_ANALYZER_NUMBER_OBJECT_CONVERSION = YES_AGGRESSIVE;
				CLANG_CXX_LANGUAGE_STANDARD = "gnu++14";
				CLANG_CXX_LIBRARY = "libc++";
				CLANG_ENABLE_MODULES = YES;
				CLANG_ENABLE_OBJC_ARC = YES;
				CLANG_ENABLE_OBJC_WEAK = YES;
				CLANG_WARN_BLOCK_CAPTURE_AUTORELEASING = YES;
				CLANG_WARN_BOOL_CONVERSION = YES;
				CLANG_WARN_COMMA = YES;
				CLANG_WARN_CONSTANT_CONVERSION = YES;
				CLANG_WARN_DEPRECATED_OBJC_IMPLEMENTATIONS = YES;
				CLANG_WARN_DIRECT_OBJC_ISA_USAGE = YES_ERROR;
				CLANG_WARN_DOCUMENTATION_COMMENTS = YES;
				CLANG_WARN_EMPTY_BODY = YES;
				CLANG_WARN_ENUM_CONVERSION = YES;
				CLANG_WARN_INFINITE_RECURSION = YES;
				CLANG_WARN_INT_CONVERSION = YES;
				CLANG_WARN_NON_LITERAL_NULL_CONVERSION = YES;
				CLANG_WARN_OBJC_IMPLICIT_RETAIN_SELF = YES;
				CLANG_WARN_OBJC_LITERAL_CONVERSION = YES;
				CLANG_WARN_OBJC_ROOT_CLASS = YES_ERROR;
				CLANG_WARN_QUOTED_INCLUDE_IN_FRAMEWORK_HEADER = YES;
				CLANG_WARN_RANGE_LOOP_ANALYSIS = YES;
				CLANG_WARN_STRICT_PROTOTYPES = YES;
				CLANG_WARN_SUSPICIOUS_MOVE = YES;
				CLANG_WARN_UNGUARDED_AVAILABILITY = YES_AGGRESSIVE;
				CLANG_WARN_UNREACHABLE_CODE = YES;
				CLANG_WARN__DUPLICATE_METHOD_MATCH = YES;
				COPY_PHASE_STRIP = NO;
				DEBUG_INFORMATION_FORMAT = dwarf;
				ENABLE_STRICT_OBJC_MSGSEND = YES;
				ENABLE_TESTABILITY = YES;
				GCC_C_LANGUAGE_STANDARD = gnu11;
				GCC_DYNAMIC_NO_PIC = NO;
				GCC_NO_COMMON_BLOCKS = YES;
				GCC_OPTIMIZATION_LEVEL = 0;
				GCC_PREPROCESSOR_DEFINITIONS = (
					"DEBUG=1",
					"$(inherited)",
				);
				GCC_WARN_64_TO_32_BIT_CONVERSION = YES;
				GCC_WARN_ABOUT_RETURN_TYPE = YES_ERROR;
				GCC_WARN_UNDECLARED_SELECTOR = YES;
				GCC_WARN_UNINITIALIZED_AUTOS = YES_AGGRESSIVE;
				GCC_WARN_UNUSED_FUNCTION = YES;
				GCC_WARN_UNUSED_VARIABLE = YES;
				MTL_ENABLE_DEBUG_INFO = INCLUDE_SOURCE;
				MTL_FAST_MATH = YES;
				ONLY_ACTIVE_ARCH = YES;
				SWIFT_ACTIVE_COMPILATION_CONDITIONS = DEBUG;
				SWIFT_OPTIMIZATION_LEVEL = "-Onone";
			};
			name = Debug;
		};
		23B1AAF2260A396400D30246 /* Release */ = {
			isa = XCBuildConfiguration;
			buildSettings = {
				ALWAYS_SEARCH_USER_PATHS = NO;
				CLANG_ANALYZER_NONNULL = YES;
				CLANG_ANALYZER_NUMBER_OBJECT_CONVERSION = YES_AGGRESSIVE;
				CLANG_CXX_LANGUAGE_STANDARD = "gnu++14";
				CLANG_CXX_LIBRARY = "libc++";
				CLANG_ENABLE_MODULES = YES;
				CLANG_ENABLE_OBJC_ARC = YES;
				CLANG_ENABLE_OBJC_WEAK = YES;
				CLANG_WARN_BLOCK_CAPTURE_AUTORELEASING = YES;
				CLANG_WARN_BOOL_CONVERSION = YES;
				CLANG_WARN_COMMA = YES;
				CLANG_WARN_CONSTANT_CONVERSION = YES;
				CLANG_WARN_DEPRECATED_OBJC_IMPLEMENTATIONS = YES;
				CLANG_WARN_DIRECT_OBJC_ISA_USAGE = YES_ERROR;
				CLANG_WARN_DOCUMENTATION_COMMENTS = YES;
				CLANG_WARN_EMPTY_BODY = YES;
				CLANG_WARN_ENUM_CONVERSION = YES;
				CLANG_WARN_INFINITE_RECURSION = YES;
				CLANG_WARN_INT_CONVERSION = YES;
				CLANG_WARN_NON_LITERAL_NULL_CONVERSION = YES;
				CLANG_WARN_OBJC_IMPLICIT_RETAIN_SELF = YES;
				CLANG_WARN_OBJC_LITERAL_CONVERSION = YES;
				CLANG_WARN_OBJC_ROOT_CLASS = YES_ERROR;
				CLANG_WARN_QUOTED_INCLUDE_IN_FRAMEWORK_HEADER = YES;
				CLANG_WARN_RANGE_LOOP_ANALYSIS = YES;
				CLANG_WARN_STRICT_PROTOTYPES = YES;
				CLANG_WARN_SUSPICIOUS_MOVE = YES;
				CLANG_WARN_UNGUARDED_AVAILABILITY = YES_AGGRESSIVE;
				CLANG_WARN_UNREACHABLE_CODE = YES;
				CLANG_WARN__DUPLICATE_METHOD_MATCH = YES;
				COPY_PHASE_STRIP = NO;
				DEBUG_INFORMATION_FORMAT = "dwarf-with-dsym";
				ENABLE_NS_ASSERTIONS = NO;
				ENABLE_STRICT_OBJC_MSGSEND = YES;
				GCC_C_LANGUAGE_STANDARD = gnu11;
				GCC_NO_COMMON_BLOCKS = YES;
				GCC_WARN_64_TO_32_BIT_CONVERSION = YES;
				GCC_WARN_ABOUT_RETURN_TYPE = YES_ERROR;
				GCC_WARN_UNDECLARED_SELECTOR = YES;
				GCC_WARN_UNINITIALIZED_AUTOS = YES_AGGRESSIVE;
				GCC_WARN_UNUSED_FUNCTION = YES;
				GCC_WARN_UNUSED_VARIABLE = YES;
				MTL_ENABLE_DEBUG_INFO = NO;
				MTL_FAST_MATH = YES;
				SWIFT_COMPILATION_MODE = wholemodule;
				SWIFT_OPTIMIZATION_LEVEL = "-O";
			};
			name = Release;
		};
		23B1AAF4260A396400D30246 /* Debug */ = {
			isa = XCBuildConfiguration;
			buildSettings = {
				ASSETCATALOG_COMPILER_APPICON_NAME = AppIcon;
				ASSETCATALOG_COMPILER_GLOBAL_ACCENT_COLOR_NAME = AccentColor;
				CODE_SIGN_STYLE = Automatic;
				DEVELOPMENT_TEAM = J27XV7VKV4;
				ENABLE_PREVIEWS = YES;
				INFOPLIST_FILE = iOS/Info.plist;
				IPHONEOS_DEPLOYMENT_TARGET = 14.0;
				LD_RUNPATH_SEARCH_PATHS = (
					"$(inherited)",
					"@executable_path/Frameworks",
				);
				PRODUCT_BUNDLE_IDENTIFIER = br.com.tempest.SoftwareEssentials;
				PRODUCT_NAME = SoftwareEssentials;
				SDKROOT = iphoneos;
				SWIFT_VERSION = 5.0;
				TARGETED_DEVICE_FAMILY = "1,2";
			};
			name = Debug;
		};
		23B1AAF5260A396400D30246 /* Release */ = {
			isa = XCBuildConfiguration;
			buildSettings = {
				ASSETCATALOG_COMPILER_APPICON_NAME = AppIcon;
				ASSETCATALOG_COMPILER_GLOBAL_ACCENT_COLOR_NAME = AccentColor;
				CODE_SIGN_STYLE = Automatic;
				DEVELOPMENT_TEAM = J27XV7VKV4;
				ENABLE_PREVIEWS = YES;
				INFOPLIST_FILE = iOS/Info.plist;
				IPHONEOS_DEPLOYMENT_TARGET = 14.0;
				LD_RUNPATH_SEARCH_PATHS = (
					"$(inherited)",
					"@executable_path/Frameworks",
				);
				PRODUCT_BUNDLE_IDENTIFIER = br.com.tempest.SoftwareEssentials;
				PRODUCT_NAME = SoftwareEssentials;
				SDKROOT = iphoneos;
				SWIFT_VERSION = 5.0;
				TARGETED_DEVICE_FAMILY = "1,2";
				VALIDATE_PRODUCT = YES;
			};
			name = Release;
		};
		23B1AAF7260A396400D30246 /* Debug */ = {
			isa = XCBuildConfiguration;
			buildSettings = {
				ASSETCATALOG_COMPILER_APPICON_NAME = AppIcon;
				ASSETCATALOG_COMPILER_GLOBAL_ACCENT_COLOR_NAME = AccentColor;
				CODE_SIGN_ENTITLEMENTS = macOS/macOS.entitlements;
				CODE_SIGN_STYLE = Automatic;
				COMBINE_HIDPI_IMAGES = YES;
				DEVELOPMENT_TEAM = J27XV7VKV4;
				ENABLE_HARDENED_RUNTIME = YES;
				ENABLE_PREVIEWS = YES;
				INFOPLIST_FILE = macOS/Info.plist;
				LD_RUNPATH_SEARCH_PATHS = (
					"$(inherited)",
					"@executable_path/../Frameworks",
				);
				MACOSX_DEPLOYMENT_TARGET = 11.0;
				PRODUCT_BUNDLE_IDENTIFIER = br.com.tempest.SoftwareEssentials;
				PRODUCT_NAME = SoftwareEssentials;
				SDKROOT = macosx;
				SWIFT_VERSION = 5.0;
			};
			name = Debug;
		};
		23B1AAF8260A396400D30246 /* Release */ = {
			isa = XCBuildConfiguration;
			buildSettings = {
				ASSETCATALOG_COMPILER_APPICON_NAME = AppIcon;
				ASSETCATALOG_COMPILER_GLOBAL_ACCENT_COLOR_NAME = AccentColor;
				CODE_SIGN_ENTITLEMENTS = macOS/macOS.entitlements;
				CODE_SIGN_STYLE = Automatic;
				COMBINE_HIDPI_IMAGES = YES;
				DEVELOPMENT_TEAM = J27XV7VKV4;
				ENABLE_HARDENED_RUNTIME = YES;
				ENABLE_PREVIEWS = YES;
				INFOPLIST_FILE = macOS/Info.plist;
				LD_RUNPATH_SEARCH_PATHS = (
					"$(inherited)",
					"@executable_path/../Frameworks",
				);
				MACOSX_DEPLOYMENT_TARGET = 11.0;
				PRODUCT_BUNDLE_IDENTIFIER = br.com.tempest.SoftwareEssentials;
				PRODUCT_NAME = SoftwareEssentials;
				SDKROOT = macosx;
				SWIFT_VERSION = 5.0;
			};
			name = Release;
		};
		23B1AAFA260A396400D30246 /* Debug */ = {
			isa = XCBuildConfiguration;
			buildSettings = {
				ALWAYS_EMBED_SWIFT_STANDARD_LIBRARIES = YES;
				CODE_SIGN_STYLE = Automatic;
				DEVELOPMENT_TEAM = J27XV7VKV4;
				INFOPLIST_FILE = "Tests iOS/Info.plist";
				IPHONEOS_DEPLOYMENT_TARGET = 14.4;
				LD_RUNPATH_SEARCH_PATHS = (
					"$(inherited)",
					"@executable_path/Frameworks",
					"@loader_path/Frameworks",
				);
				PRODUCT_BUNDLE_IDENTIFIER = "br.com.tempest.Tests-iOS";
				PRODUCT_NAME = "$(TARGET_NAME)";
				SDKROOT = iphoneos;
				SWIFT_VERSION = 5.0;
				TARGETED_DEVICE_FAMILY = "1,2";
				TEST_TARGET_NAME = "SoftwareEssentials (iOS)";
			};
			name = Debug;
		};
		23B1AAFB260A396400D30246 /* Release */ = {
			isa = XCBuildConfiguration;
			buildSettings = {
				ALWAYS_EMBED_SWIFT_STANDARD_LIBRARIES = YES;
				CODE_SIGN_STYLE = Automatic;
				DEVELOPMENT_TEAM = J27XV7VKV4;
				INFOPLIST_FILE = "Tests iOS/Info.plist";
				IPHONEOS_DEPLOYMENT_TARGET = 14.4;
				LD_RUNPATH_SEARCH_PATHS = (
					"$(inherited)",
					"@executable_path/Frameworks",
					"@loader_path/Frameworks",
				);
				PRODUCT_BUNDLE_IDENTIFIER = "br.com.tempest.Tests-iOS";
				PRODUCT_NAME = "$(TARGET_NAME)";
				SDKROOT = iphoneos;
				SWIFT_VERSION = 5.0;
				TARGETED_DEVICE_FAMILY = "1,2";
				TEST_TARGET_NAME = "SoftwareEssentials (iOS)";
				VALIDATE_PRODUCT = YES;
			};
			name = Release;
		};
		23B1AAFD260A396400D30246 /* Debug */ = {
			isa = XCBuildConfiguration;
			buildSettings = {
				ALWAYS_EMBED_SWIFT_STANDARD_LIBRARIES = YES;
				CODE_SIGN_STYLE = Automatic;
				COMBINE_HIDPI_IMAGES = YES;
				DEVELOPMENT_TEAM = J27XV7VKV4;
				INFOPLIST_FILE = "Tests macOS/Info.plist";
				LD_RUNPATH_SEARCH_PATHS = (
					"$(inherited)",
					"@executable_path/../Frameworks",
					"@loader_path/../Frameworks",
				);
				MACOSX_DEPLOYMENT_TARGET = 10.15;
				PRODUCT_BUNDLE_IDENTIFIER = "br.com.tempest.Tests-macOS";
				PRODUCT_NAME = "$(TARGET_NAME)";
				SDKROOT = macosx;
				SWIFT_VERSION = 5.0;
				TEST_TARGET_NAME = "SoftwareEssentials (macOS)";
			};
			name = Debug;
		};
		23B1AAFE260A396400D30246 /* Release */ = {
			isa = XCBuildConfiguration;
			buildSettings = {
				ALWAYS_EMBED_SWIFT_STANDARD_LIBRARIES = YES;
				CODE_SIGN_STYLE = Automatic;
				COMBINE_HIDPI_IMAGES = YES;
				DEVELOPMENT_TEAM = J27XV7VKV4;
				INFOPLIST_FILE = "Tests macOS/Info.plist";
				LD_RUNPATH_SEARCH_PATHS = (
					"$(inherited)",
					"@executable_path/../Frameworks",
					"@loader_path/../Frameworks",
				);
				MACOSX_DEPLOYMENT_TARGET = 10.15;
				PRODUCT_BUNDLE_IDENTIFIER = "br.com.tempest.Tests-macOS";
				PRODUCT_NAME = "$(TARGET_NAME)";
				SDKROOT = macosx;
				SWIFT_VERSION = 5.0;
				TEST_TARGET_NAME = "SoftwareEssentials (macOS)";
			};
			name = Release;
		};
/* End XCBuildConfiguration section */

/* Begin XCConfigurationList section */
		23B1AAC0260A396100D30246 /* Build configuration list for PBXProject "SoftwareEssentials" */ = {
			isa = XCConfigurationList;
			buildConfigurations = (
				23B1AAF1260A396400D30246 /* Debug */,
				23B1AAF2260A396400D30246 /* Release */,
			);
			defaultConfigurationIsVisible = 0;
			defaultConfigurationName = Release;
		};
		23B1AAF3260A396400D30246 /* Build configuration list for PBXNativeTarget "SoftwareEssentials (iOS)" */ = {
			isa = XCConfigurationList;
			buildConfigurations = (
				23B1AAF4260A396400D30246 /* Debug */,
				23B1AAF5260A396400D30246 /* Release */,
			);
			defaultConfigurationIsVisible = 0;
			defaultConfigurationName = Release;
		};
		23B1AAF6260A396400D30246 /* Build configuration list for PBXNativeTarget "SoftwareEssentials (macOS)" */ = {
			isa = XCConfigurationList;
			buildConfigurations = (
				23B1AAF7260A396400D30246 /* Debug */,
				23B1AAF8260A396400D30246 /* Release */,
			);
			defaultConfigurationIsVisible = 0;
			defaultConfigurationName = Release;
		};
		23B1AAF9260A396400D30246 /* Build configuration list for PBXNativeTarget "Tests iOS" */ = {
			isa = XCConfigurationList;
			buildConfigurations = (
				23B1AAFA260A396400D30246 /* Debug */,
				23B1AAFB260A396400D30246 /* Release */,
			);
			defaultConfigurationIsVisible = 0;
			defaultConfigurationName = Release;
		};
		23B1AAFC260A396400D30246 /* Build configuration list for PBXNativeTarget "Tests macOS" */ = {
			isa = XCConfigurationList;
			buildConfigurations = (
				23B1AAFD260A396400D30246 /* Debug */,
				23B1AAFE260A396400D30246 /* Release */,
			);
			defaultConfigurationIsVisible = 0;
			defaultConfigurationName = Release;
		};
/* End XCConfigurationList section */
	};
	rootObject = 23B1AABD260A396100D30246 /* Project object */;
}
